{
  "name": "cloud-functions",
  "lockfileVersion": 3,
  "requires": true,
  "packages": {
    "": {
      "dependencies": {
        "@firebase/auth": "^1.8.2"
      }
    },
    "node_modules/@firebase/app": {
      "version": "0.10.18",
      "resolved": "https://registry.npmjs.org/@firebase/app/-/app-0.10.18.tgz",
      "integrity": "sha512-VuqEwD/QRisKd/zsFsqgvSAx34mZ3WEF47i97FD6Vw4GWAhdjepYf0Hmi6K0b4QMSgWcv/x0C30Slm5NjjERXg==",
      "peer": true,
      "dependencies": {
        "@firebase/component": "0.6.12",
        "@firebase/logger": "0.4.4",
        "@firebase/util": "1.10.3",
        "idb": "7.1.1",
        "tslib": "^2.1.0"
      },
      "engines": {
        "node": ">=18.0.0"
      }
    },
    "node_modules/@firebase/auth": {
      "version": "1.8.2",
      "resolved": "https://registry.npmjs.org/@firebase/auth/-/auth-1.8.2.tgz",
      "integrity": "sha512-q+071y2LWe0bVnjqaX3BscqZwzdP0GKN2YBKapLq4bV88MPfCtWwGKmDhNDEDUmioOjudGXkUY5cvvKqk3mlUg==",
      "dependencies": {
        "@firebase/component": "0.6.12",
        "@firebase/logger": "0.4.4",
        "@firebase/util": "1.10.3",
        "tslib": "^2.1.0"
      },
      "engines": {
        "node": ">=18.0.0"
      },
      "peerDependencies": {
        "@firebase/app": "0.x",
        "@react-native-async-storage/async-storage": "^1.18.1"
      },
      "peerDependenciesMeta": {
        "@react-native-async-storage/async-storage": {
          "optional": true
        }
      }
    },
    "node_modules/@firebase/component": {
      "version": "0.6.12",
      "resolved": "https://registry.npmjs.org/@firebase/component/-/component-0.6.12.tgz",
      "integrity": "sha512-YnxqjtohLbnb7raXt2YuA44cC1wA9GiehM/cmxrsoxKlFxBLy2V0OkRSj9gpngAE0UoJ421Wlav9ycO7lTPAUw==",
      "dependencies": {
        "@firebase/util": "1.10.3",
        "tslib": "^2.1.0"
      },
      "engines": {
        "node": ">=18.0.0"
      }
    },
    "node_modules/@firebase/logger": {
      "version": "0.4.4",
      "resolved": "https://registry.npmjs.org/@firebase/logger/-/logger-0.4.4.tgz",
      "integrity": "sha512-mH0PEh1zoXGnaR8gD1DeGeNZtWFKbnz9hDO91dIml3iou1gpOnLqXQ2dJfB71dj6dpmUjcQ6phY3ZZJbjErr9g==",
      "dependencies": {
        "tslib": "^2.1.0"
      },
      "engines": {
        "node": ">=18.0.0"
      }
    },
    "node_modules/@firebase/util": {
      "version": "1.10.3",
      "resolved": "https://registry.npmjs.org/@firebase/util/-/util-1.10.3.tgz",
      "integrity": "sha512-wfoF5LTy0m2ufUapV0ZnpcGQvuavTbJ5Qr1Ze9OJGL70cSMvhDyjS4w2121XdA3lGZSTOsDOyGhpoDtYwck85A==",
      "dependencies": {
        "tslib": "^2.1.0"
      },
      "engines": {
        "node": ">=18.0.0"
      }
    },
    "node_modules/idb": {
      "version": "7.1.1",
      "resolved": "https://registry.npmjs.org/idb/-/idb-7.1.1.tgz",
      "integrity": "sha512-gchesWBzyvGHRO9W8tzUWFDycow5gwjvFKfyV9FF32Y7F50yZMp7mP+T2mJIWFx49zicqyC4uefHM17o6xKIVQ==",
      "peer": true
    },
    "node_modules/tslib": {
      "version": "2.8.1",
      "resolved": "https://registry.npmjs.org/tslib/-/tslib-2.8.1.tgz",
      "integrity": "sha512-oJFu94HQb+KVduSUQL7wnpmqnfmLsOA/nAh6b6EH0wCEoK0/mPeXU6c3wKDV83MkOuHPRHtSXKKU99IBazS/2w=="
    }
  }
}
